
Microsoft Visual Studio Solution File, Format Version 12.00
# Visual Studio Version 17
VisualStudioVersion = 17.14.36518.9 d17.14
MinimumVisualStudioVersion = 10.0.40219.1
Project("{FAE04EC0-301F-11D3-BF4B-00C04F79EFBC}") = "CorruptGymWeb1000", "CorruptGymWeb1000\CorruptGymWeb1000.csproj", "{C6D62E5E-A69D-4D2B-B046-8E05689874BF}"
EndProject
Project("{FAE04EC0-301F-11D3-BF4B-00C04F79EFBC}") = "CorruptGymLibrary", "CorruptGymLibrary\CorruptGymLibrary.csproj", "{B3C1CBB2-2A57-4933-841E-87A53DC5C75E}"
EndProject
Global
	GlobalSection(SolutionConfigurationPlatforms) = preSolution
		Debug|Any CPU = Debug|Any CPU
		Release|Any CPU = Release|Any CPU
	EndGlobalSection
	GlobalSection(ProjectConfigurationPlatforms) = postSolution
		{C6D62E5E-A69D-4D2B-B046-8E05689874BF}.Debug|Any CPU.ActiveCfg = Debug|Any CPU
		{C6D62E5E-A69D-4D2B-B046-8E05689874BF}.Debug|Any CPU.Build.0 = Debug|Any CPU
		{C6D62E5E-A69D-4D2B-B046-8E05689874BF}.Release|Any CPU.ActiveCfg = Release|Any CPU
		{C6D62E5E-A69D-4D2B-B046-8E05689874BF}.Release|Any CPU.Build.0 = Release|Any CPU
		{B3C1CBB2-2A57-4933-841E-87A53DC5C75E}.Debug|Any CPU.ActiveCfg = Debug|Any CPU
		{B3C1CBB2-2A57-4933-841E-87A53DC5C75E}.Debug|Any CPU.Build.0 = Debug|Any CPU
		{B3C1CBB2-2A57-4933-841E-87A53DC5C75E}.Release|Any CPU.ActiveCfg = Release|Any CPU
		{B3C1CBB2-2A57-4933-841E-87A53DC5C75E}.Release|Any CPU.Build.0 = Release|Any CPU
	EndGlobalSection
	GlobalSection(SolutionProperties) = preSolution
		HideSolutionNode = FALSE
	EndGlobalSection
	GlobalSection(ExtensibilityGlobals) = postSolution
		SolutionGuid = {E40E4015-8297-440D-95A2-4F24E8694F49}
	EndGlobalSection
EndGlobal
